{
  "pins" : [
    {
      "identity" : "elementkit",
      "kind" : "remoteSourceControl",
      "location" : "https://github.com/practice20200/ElementKit",
      "state" : {
        "revision" : "bff28f2936db5b9471a312daa5cba06159bada07",
        "version" : "1.0.1"
      }
    }
  ],
  "version" : 2
}
